
Microsoft Visual Studio Solution File, Format Version 12.00
# Visual Studio Version 16
VisualStudioVersion = 16.0.31729.503
MinimumVisualStudioVersion = 10.0.40219.1
Project("{FAE04EC0-301F-11D3-BF4B-00C04F79EFBC}") = "EXJWT", "EXJWT\EXJWT.csproj", "{E577AA8C-5255-4F84-B47C-8F5F1C701406}"
EndProject
Global
	GlobalSection(SolutionConfigurationPlatforms) = preSolution
		Debug|Any CPU = Debug|Any CPU
		Release|Any CPU = Release|Any CPU
	EndGlobalSection
	GlobalSection(ProjectConfigurationPlatforms) = postSolution
		{E577AA8C-5255-4F84-B47C-8F5F1C701406}.Debug|Any CPU.ActiveCfg = Debug|Any CPU
		{E577AA8C-5255-4F84-B47C-8F5F1C701406}.Debug|Any CPU.Build.0 = Debug|Any CPU
		{E577AA8C-5255-4F84-B47C-8F5F1C701406}.Release|Any CPU.ActiveCfg = Release|Any CPU
		{E577AA8C-5255-4F84-B47C-8F5F1C701406}.Release|Any CPU.Build.0 = Release|Any CPU
	EndGlobalSection
	GlobalSection(SolutionProperties) = preSolution
		HideSolutionNode = FALSE
	EndGlobalSection
	GlobalSection(ExtensibilityGlobals) = postSolution
		SolutionGuid = {B4837975-075B-4D7A-A66C-279628EF85AF}
	EndGlobalSection
EndGlobal
